
Microsoft Visual Studio Solution File, Format Version 12.00
# Visual Studio 15
VisualStudioVersion = 15.0.28010.2046
MinimumVisualStudioVersion = 10.0.40219.1
Project("{9A19103F-16F7-4668-BE54-9A1E7A4F7556}") = "CPRG214Lab2.AssetTracking.domain", "CPRG214Lab2.AssetTracking.domain\CPRG214Lab2.AssetTracking.domain.csproj", "{3F15CB86-5861-4C38-8755-481C9C2FDBD6}"
EndProject
Project("{FAE04EC0-301F-11D3-BF4B-00C04F79EFBC}") = "CPRG214Lab2.AssetTracking.Data", "CPRG214Lab2.AssetTracking.Data\CPRG214Lab2.AssetTracking.Data.csproj", "{0EA64BAF-4D95-48AF-90FF-070E7056007B}"
EndProject
Global
	GlobalSection(SolutionConfigurationPlatforms) = preSolution
		Debug|Any CPU = Debug|Any CPU
		Release|Any CPU = Release|Any CPU
	EndGlobalSection
	GlobalSection(ProjectConfigurationPlatforms) = postSolution
		{3F15CB86-5861-4C38-8755-481C9C2FDBD6}.Debug|Any CPU.ActiveCfg = Debug|Any CPU
		{3F15CB86-5861-4C38-8755-481C9C2FDBD6}.Debug|Any CPU.Build.0 = Debug|Any CPU
		{3F15CB86-5861-4C38-8755-481C9C2FDBD6}.Release|Any CPU.ActiveCfg = Release|Any CPU
		{3F15CB86-5861-4C38-8755-481C9C2FDBD6}.Release|Any CPU.Build.0 = Release|Any CPU
		{0EA64BAF-4D95-48AF-90FF-070E7056007B}.Debug|Any CPU.ActiveCfg = Debug|Any CPU
		{0EA64BAF-4D95-48AF-90FF-070E7056007B}.Debug|Any CPU.Build.0 = Debug|Any CPU
		{0EA64BAF-4D95-48AF-90FF-070E7056007B}.Release|Any CPU.ActiveCfg = Release|Any CPU
		{0EA64BAF-4D95-48AF-90FF-070E7056007B}.Release|Any CPU.Build.0 = Release|Any CPU
	EndGlobalSection
	GlobalSection(SolutionProperties) = preSolution
		HideSolutionNode = FALSE
	EndGlobalSection
	GlobalSection(ExtensibilityGlobals) = postSolution
		SolutionGuid = {6F34F1B5-A213-4E15-917A-A6B608D9CDB5}
	EndGlobalSection
EndGlobal
